
Microsoft Visual Studio Solution File, Format Version 12.00
# Visual Studio Version 16
VisualStudioVersion = 16.0.29009.5
MinimumVisualStudioVersion = 10.0.40219.1
Project("{FAE04EC0-301F-11D3-BF4B-00C04F79EFBC}") = "DotA Allstars", "DotA Allstars\DotA Allstars.csproj", "{93A9AD08-A734-4D31-9418-4DF946335D90}"
EndProject
Project("{54435603-DBB4-11D2-8724-00A0C9A8B90C}") = "setupmobaz", "setupmobaz\setupmobaz.vdproj", "{EB9775B1-01F2-40EB-B4F9-998B0F335CAA}"
EndProject
Global
	GlobalSection(SolutionConfigurationPlatforms) = preSolution
		Debug|Any CPU = Debug|Any CPU
		Release|Any CPU = Release|Any CPU
	EndGlobalSection
	GlobalSection(ProjectConfigurationPlatforms) = postSolution
		{93A9AD08-A734-4D31-9418-4DF946335D90}.Debug|Any CPU.ActiveCfg = Release|Any CPU
		{93A9AD08-A734-4D31-9418-4DF946335D90}.Debug|Any CPU.Build.0 = Release|Any CPU
		{93A9AD08-A734-4D31-9418-4DF946335D90}.Release|Any CPU.ActiveCfg = Release|Any CPU
		{93A9AD08-A734-4D31-9418-4DF946335D90}.Release|Any CPU.Build.0 = Release|Any CPU
		{EB9775B1-01F2-40EB-B4F9-998B0F335CAA}.Debug|Any CPU.ActiveCfg = Debug
		{EB9775B1-01F2-40EB-B4F9-998B0F335CAA}.Release|Any CPU.ActiveCfg = Release
	EndGlobalSection
	GlobalSection(SolutionProperties) = preSolution
		HideSolutionNode = FALSE
	EndGlobalSection
	GlobalSection(ExtensibilityGlobals) = postSolution
		SolutionGuid = {6D1576CF-338A-481E-BA63-A0E3436073AA}
	EndGlobalSection
EndGlobal
